
Microsoft Visual Studio Solution File, Format Version 12.00
# Visual Studio Version 17
VisualStudioVersion = 17.8.34601.278
MinimumVisualStudioVersion = 10.0.40219.1
Project("{9A19103F-16F7-4668-BE54-9A1E7A4F7556}") = "CityInfo.API", "CityInfo.API\CityInfo.API.csproj", "{7180E6E5-B69D-4B31-842C-0064CBB7497A}"
EndProject
Global
	GlobalSection(SolutionConfigurationPlatforms) = preSolution
		Debug|Any CPU = Debug|Any CPU
		Release|Any CPU = Release|Any CPU
	EndGlobalSection
	GlobalSection(ProjectConfigurationPlatforms) = postSolution
		{7180E6E5-B69D-4B31-842C-0064CBB7497A}.Debug|Any CPU.ActiveCfg = Debug|Any CPU
		{7180E6E5-B69D-4B31-842C-0064CBB7497A}.Debug|Any CPU.Build.0 = Debug|Any CPU
		{7180E6E5-B69D-4B31-842C-0064CBB7497A}.Release|Any CPU.ActiveCfg = Release|Any CPU
		{7180E6E5-B69D-4B31-842C-0064CBB7497A}.Release|Any CPU.Build.0 = Release|Any CPU
	EndGlobalSection
	GlobalSection(SolutionProperties) = preSolution
		HideSolutionNode = FALSE
	EndGlobalSection
	GlobalSection(ExtensibilityGlobals) = postSolution
		SolutionGuid = {1F8C7F88-3923-4FB8-9DDC-5A8B03402EB1}
	EndGlobalSection
EndGlobal
